
Microsoft Visual Studio Solution File, Format Version 12.00
# Visual Studio Version 16
VisualStudioVersion = 16.0.30002.166
MinimumVisualStudioVersion = 10.0.40219.1
Project("{FAE04EC0-301F-11D3-BF4B-00C04F79EFBC}") = "AnyStore", "AnyStore\AnyStore.csproj", "{05DABA47-8A44-4151-83BB-2111E6FD3923}"
EndProject
Global
	GlobalSection(SolutionConfigurationPlatforms) = preSolution
		Debug|Any CPU = Debug|Any CPU
		Release|Any CPU = Release|Any CPU
	EndGlobalSection
	GlobalSection(ProjectConfigurationPlatforms) = postSolution
		{05DABA47-8A44-4151-83BB-2111E6FD3923}.Debug|Any CPU.ActiveCfg = Debug|Any CPU
		{05DABA47-8A44-4151-83BB-2111E6FD3923}.Debug|Any CPU.Build.0 = Debug|Any CPU
		{05DABA47-8A44-4151-83BB-2111E6FD3923}.Release|Any CPU.ActiveCfg = Release|Any CPU
		{05DABA47-8A44-4151-83BB-2111E6FD3923}.Release|Any CPU.Build.0 = Release|Any CPU
	EndGlobalSection
	GlobalSection(SolutionProperties) = preSolution
		HideSolutionNode = FALSE
	EndGlobalSection
	GlobalSection(ExtensibilityGlobals) = postSolution
		SolutionGuid = {B9043AA5-7DF7-4626-9390-E43C2455EDBB}
	EndGlobalSection
EndGlobal
